
Microsoft Visual Studio Solution File, Format Version 12.00
# Visual Studio Version 16
VisualStudioVersion = 25.0.1706.8
MinimumVisualStudioVersion = 10.0.40219.1
Project("{FAE04EC0-301F-11D3-BF4B-00C04F79EFBC}") = "Math_App", "Math_App\Math_App.csproj", "{4E558BBE-D42D-4154-AB26-58C456E3D61E}"
EndProject
Global
	GlobalSection(SolutionConfigurationPlatforms) = preSolution
		Debug|Any CPU = Debug|Any CPU
		Release|Any CPU = Release|Any CPU
	EndGlobalSection
	GlobalSection(ProjectConfigurationPlatforms) = postSolution
		{4E558BBE-D42D-4154-AB26-58C456E3D61E}.Debug|Any CPU.ActiveCfg = Debug|Any CPU
		{4E558BBE-D42D-4154-AB26-58C456E3D61E}.Debug|Any CPU.Build.0 = Debug|Any CPU
		{4E558BBE-D42D-4154-AB26-58C456E3D61E}.Release|Any CPU.ActiveCfg = Release|Any CPU
		{4E558BBE-D42D-4154-AB26-58C456E3D61E}.Release|Any CPU.Build.0 = Release|Any CPU
	EndGlobalSection
	GlobalSection(SolutionProperties) = preSolution
		HideSolutionNode = FALSE
	EndGlobalSection
	GlobalSection(ExtensibilityGlobals) = postSolution
		SolutionGuid = {350E495E-7448-445F-96B0-FFC4E3E26B4B}
	EndGlobalSection
EndGlobal
